Microsoft Visual Studio Solution File, Format Version 11.00
# Visual Studio 2008

Project("{271711A8-9D8E-CC8C-7BB0-8D1CA0A3C2E4}") = "Lessons2D_For_Blog_A2", "Assembly-CSharp.csproj", "{8B77550A-19B3-ACCB-9A32-3CC8E60BE9AD}"
EndProject
Global
	GlobalSection(SolutionConfigurationPlatforms) = preSolution
		Debug|Any CPU = Debug|Any CPU
		Release|Any CPU = Release|Any CPU
	EndGlobalSection
	GlobalSection(ProjectConfigurationPlatforms) = postSolution
		{8B77550A-19B3-ACCB-9A32-3CC8E60BE9AD}.Debug|Any CPU.ActiveCfg = Debug|Any CPU
		{8B77550A-19B3-ACCB-9A32-3CC8E60BE9AD}.Debug|Any CPU.Build.0 = Debug|Any CPU
		{8B77550A-19B3-ACCB-9A32-3CC8E60BE9AD}.Release|Any CPU.ActiveCfg = Release|Any CPU
		{8B77550A-19B3-ACCB-9A32-3CC8E60BE9AD}.Release|Any CPU.Build.0 = Release|Any CPU
	EndGlobalSection
	GlobalSection(SolutionProperties) = preSolution
		HideSolutionNode = FALSE
	EndGlobalSection
	GlobalSection(MonoDevelopProperties) = preSolution
		StartupItem = Assembly-CSharp.csproj
	EndGlobalSection
EndGlobal
